<?xml version="1.0" encoding="utf-8"?>
<Project ToolsVersion="4.0" xmlns="http://schemas.microsoft.com/developer/msbuild/2003">
  <ItemGroup>
    <Filter Include="ソース ファイル">
      <UniqueIdentifier>{4FC737F1-C7A5-4376-A066-2A32D752A2FF}</UniqueIdentifier>
      <Extensions>cpp;c;cc;cxx;c++;cppm;ixx;def;odl;idl;hpj;bat;asm;asmx</Extensions>
    </Filter>
    <Filter Include="ヘッダー ファイル">
      <UniqueIdentifier>{93995380-89BD-4b04-88EB-625FBE52EBFB}</UniqueIdentifier>
      <Extensions>h;hh;hpp;hxx;h++;hm;inl;inc;ipp;xsd</Extensions>
    </Filter>
    <Filter Include="リソース ファイル">
      <UniqueIdentifier>{67DA6AB6-F800-4c08-8B7A-83BB121AAD01}</UniqueIdentifier>
      <Extensions>rc;ico;cur;bmp;dlg;rc2;rct;bin;rgs;gif;jpg;jpeg;jpe;resx;tiff;tif;png;wav;mfcribbon-ms</Extensions>
    </Filter>
    <Filter Include="ソース ファイル\Shader">
      <UniqueIdentifier>{450d6bb5-7f36-44e2-b6bb-be29a3897aeb}</UniqueIdentifier>
    </Filter>
    <Filter Include="ソース ファイル\Game">
      <UniqueIdentifier>{22e47504-4ec8-49a1-af44-e24a216f28a2}</UniqueIdentifier>
    </Filter>
    <Filter Include="ソース ファイル\GameSystems">
      <UniqueIdentifier>{94353802-a0ef-400b-9774-e32084e314b2}</UniqueIdentifier>
    </Filter>
    <Filter Include="ソース ファイル\BattlePlayer">
      <UniqueIdentifier>{bd388852-2560-4f27-a24b-3b801bc8911e}</UniqueIdentifier>
    </Filter>
  </ItemGroup>
  <ItemGroup>
    <ClCompile Include="Src\DirectGraphics.cpp">
      <Filter>ソース ファイル</Filter>
    </ClCompile>
    <ClCompile Include="Src\DirectX11Lib.cpp">
      <Filter>ソース ファイル</Filter>
    </ClCompile>
    <ClCompile Include="Src\DXTK11Lib.cpp">
      <Filter>ソース ファイル</Filter>
    </ClCompile>
    <ClCompile Include="Src\FbxMeshFile.cpp">
      <Filter>ソース ファイル</Filter>
    </ClCompile>
    <ClCompile Include="Src\GameMathLib.cpp">
      <Filter>ソース ファイル</Filter>
    </ClCompile>
    <ClCompile Include="Src\input.cpp">
      <Filter>ソース ファイル</Filter>
    </ClCompile>
    <ClCompile Include="Src\ShaderBase.cpp">
      <Filter>ソース ファイル</Filter>
    </ClCompile>
    <ClCompile Include="Src\Utility.cpp">
      <Filter>ソース ファイル</Filter>
    </ClCompile>
    <ClCompile Include="Src\WICTextureLoader.cpp">
      <Filter>ソース ファイル</Filter>
    </ClCompile>
    <ClCompile Include="Src\Window.cpp">
      <Filter>ソース ファイル</Filter>
    </ClCompile>
    <ClCompile Include="Src\Battle.cpp">
      <Filter>ソース ファイル\Game</Filter>
    </ClCompile>
    <ClCompile Include="Src\Battle_Clear.cpp">
      <Filter>ソース ファイル\Game</Filter>
    </ClCompile>
    <ClCompile Include="Src\Clear.cpp">
      <Filter>ソース ファイル\Game</Filter>
    </ClCompile>
    <ClCompile Include="Src\Game.cpp">
      <Filter>ソース ファイル\Game</Filter>
    </ClCompile>
    <ClCompile Include="Src\Main.cpp">
      <Filter>ソース ファイル\Game</Filter>
    </ClCompile>
    <ClCompile Include="Src\GameManager.cpp">
      <Filter>ソース ファイル\Game</Filter>
    </ClCompile>
    <ClCompile Include="Src\Select.cpp">
      <Filter>ソース ファイル\Game</Filter>
    </ClCompile>
    <ClCompile Include="Src\Title.cpp">
      <Filter>ソース ファイル\Game</Filter>
    </ClCompile>
    <ClCompile Include="Src\Option.cpp">
      <Filter>ソース ファイル\Game</Filter>
    </ClCompile>
    <ClCompile Include="Src\BossSystem.cpp">
      <Filter>ソース ファイル\GameSystems</Filter>
    </ClCompile>
    <ClCompile Include="Src\EnemySystem.cpp">
      <Filter>ソース ファイル\GameSystems</Filter>
    </ClCompile>
    <ClCompile Include="Src\Player.cpp">
      <Filter>ソース ファイル\GameSystems</Filter>
    </ClCompile>
    <ClCompile Include="Src\Player12.cpp">
      <Filter>ソース ファイル\BattlePlayer</Filter>
    </ClCompile>
    <ClCompile Include="Src\BattlePlayer.cpp">
      <Filter>ソース ファイル\BattlePlayer</Filter>
    </ClCompile>
    <ClCompile Include="Src\Cledit.cpp">
      <Filter>ソース ファイル\Game</Filter>
    </ClCompile>
  </ItemGroup>
  <ItemGroup>
    <ClInclude Include="Src\DirectGraphics.h">
      <Filter>ヘッダー ファイル</Filter>
    </ClInclude>
    <ClInclude Include="Src\DirectX11Lib.h">
      <Filter>ヘッダー ファイル</Filter>
    </ClInclude>
    <ClInclude Include="Src\DirectXMath.h">
      <Filter>ヘッダー ファイル</Filter>
    </ClInclude>
    <ClInclude Include="Src\DXTK11Lib.h">
      <Filter>ヘッダー ファイル</Filter>
    </ClInclude>
    <ClInclude Include="Src\FbxMeshFile.h">
      <Filter>ヘッダー ファイル</Filter>
    </ClInclude>
    <ClInclude Include="Src\GameMathLib.h">
      <Filter>ヘッダー ファイル</Filter>
    </ClInclude>
    <ClInclude Include="Src\GameMnager.h">
      <Filter>ヘッダー ファイル</Filter>
    </ClInclude>
    <ClInclude Include="Src\GeometryShader.h">
      <Filter>ヘッダー ファイル</Filter>
    </ClInclude>
    <ClInclude Include="Src\GraphicsUtility.h">
      <Filter>ヘッダー ファイル</Filter>
    </ClInclude>
    <ClInclude Include="Src\input.h">
      <Filter>ヘッダー ファイル</Filter>
    </ClInclude>
    <ClInclude Include="Src\MainGame.h">
      <Filter>ヘッダー ファイル</Filter>
    </ClInclude>
    <ClInclude Include="Src\PixelShader.h">
      <Filter>ヘッダー ファイル</Filter>
    </ClInclude>
    <ClInclude Include="Src\resource.h">
      <Filter>ヘッダー ファイル</Filter>
    </ClInclude>
    <ClInclude Include="Src\ShaderBase.h">
      <Filter>ヘッダー ファイル</Filter>
    </ClInclude>
    <ClInclude Include="Src\Utility.h">
      <Filter>ヘッダー ファイル</Filter>
    </ClInclude>
    <ClInclude Include="Src\VertexShader.h">
      <Filter>ヘッダー ファイル</Filter>
    </ClInclude>
    <ClInclude Include="Src\Window.h">
      <Filter>ヘッダー ファイル</Filter>
    </ClInclude>
    <ClInclude Include="Src\WICTextureLoader.h">
      <Filter>ヘッダー ファイル</Filter>
    </ClInclude>
    <ClInclude Include="Src\BossSystem.h">
      <Filter>ソース ファイル\GameSystems</Filter>
    </ClInclude>
    <ClInclude Include="Src\EnemySystem.h">
      <Filter>ソース ファイル\GameSystems</Filter>
    </ClInclude>
    <ClInclude Include="Src\Player.h">
      <Filter>ソース ファイル\GameSystems</Filter>
    </ClInclude>
    <ClInclude Include="Src\GameSystem.h">
      <Filter>ソース ファイル\GameSystems</Filter>
    </ClInclude>
    <ClInclude Include="Src\GameManager.h">
      <Filter>ソース ファイル\Game</Filter>
    </ClInclude>
    <ClInclude Include="Src\Player12.h">
      <Filter>ソース ファイル\BattlePlayer</Filter>
    </ClInclude>
  </ItemGroup>
  <ItemGroup>
    <ResourceCompile Include="Src\resource.rc">
      <Filter>リソース ファイル</Filter>
    </ResourceCompile>
  </ItemGroup>
  <ItemGroup>
    <FxCompile Include="Shader\GeometryShader.hlsl">
      <Filter>ソース ファイル\Shader</Filter>
    </FxCompile>
    <FxCompile Include="Shader\PixelShader.hlsl">
      <Filter>ソース ファイル\Shader</Filter>
    </FxCompile>
    <FxCompile Include="Shader\PixelShader_NoShadow.hlsl">
      <Filter>ソース ファイル\Shader</Filter>
    </FxCompile>
    <FxCompile Include="Shader\VertexShader.hlsl">
      <Filter>ソース ファイル\Shader</Filter>
    </FxCompile>
    <FxCompile Include="Shader\VertexShader_Anime.hlsl">
      <Filter>ソース ファイル\Shader</Filter>
    </FxCompile>
    <FxCompile Include="Shader\VertexShader_Live2D.hlsl">
      <Filter>ソース ファイル\Shader</Filter>
    </FxCompile>
    <FxCompile Include="Shader\VertexShader_Instance.hlsl">
      <Filter>ソース ファイル\Shader</Filter>
    </FxCompile>
    <FxCompile Include="Shader\PixelShader_2D.hlsl">
      <Filter>ソース ファイル\Shader</Filter>
    </FxCompile>
  </ItemGroup>
</Project>